{
    "_meta": {
        "hash": {
            "sha256": "cf648901ec56a5e14b5b77e43a78faea4129ffc512b85ca11f60e38ea451d193"
        },
        "pipfile-spec": 6,
        "requires": {
            "python_version": "3.9"
        },
        "sources": [
            {
                "name": "pypi",
                "url": "https://pypi.org/simple",
                "verify_ssl": true
            }
        ]
    },
    "default": {
        "click": {
            "hashes": [
                "sha256:cc6a19da8ebff6e7074f731447ef7e112bd23adf3de5c597cf9989f2fd8defe9",
                "sha256:fcf697e1fd4b567d817c69dab10a4035937fe6af175c05fd6806b69f74cbc6c4"
            ],
            "index": "pypi",
            "version": "==6.6"
        },
        "pypng": {
            "hashes": [
                "sha256:76f8a1539ec56451da7ab7121f12a361969fe0f2d48d703d198ce2a99d6c5afd"
            ],
            "index": "pypi",
            "version": "==0.0.21"
        }
    },
    "develop": {}
}
